// !$*UTF8*$!
{
	archiveVersion = 1;
	classes = {
	};
	objectVersion = 50;
	objects = {

/* Begin PBXBuildFile section */
		498B567E24F0C3FB00458BE8 /* TableViewController.swift in Sources */ = {isa = PBXBuildFile; fileRef = 498B567D24F0C3FB00458BE8 /* TableViewController.swift */; };
		8A9F2A1124F0B91000045C97 /* AppDelegate.swift in Sources */ = {isa = PBXBuildFile; fileRef = 8A9F2A1024F0B91000045C97 /* AppDelegate.swift */; };
		8A9F2A1324F0B91000045C97 /* SceneDelegate.swift in Sources */ = {isa = PBXBuildFile; fileRef = 8A9F2A1224F0B91000045C97 /* SceneDelegate.swift */; };
		8A9F2A1524F0B91000045C97 /* ViewController.swift in Sources */ = {isa = PBXBuildFile; fileRef = 8A9F2A1424F0B91000045C97 /* ViewController.swift */; };
		8A9F2A1824F0B91000045C97 /* Main.storyboard in Resources */ = {isa = PBXBuildFile; fileRef = 8A9F2A1624F0B91000045C97 /* Main.storyboard */; };
		8A9F2A1A24F0B91700045C97 /* Assets.xcassets in Resources */ = {isa = PBXBuildFile; fileRef = 8A9F2A1924F0B91700045C97 /* Assets.xcassets */; };
		8A9F2A1D24F0B91700045C97 /* LaunchScreen.storyboard in Resources */ = {isa = PBXBuildFile; fileRef = 8A9F2A1B24F0B91700045C97 /* LaunchScreen.storyboard */; };
/* End PBXBuildFile section */

/* Begin PBXFileReference section */
		498B567D24F0C3FB00458BE8 /* TableViewController.swift */ = {isa = PBXFileReference; lastKnownFileType = sourcecode.swift; name = TableViewController.swift; path = ClickerGit/TableViewController.swift; sourceTree = "<group>"; };
		8A9F2A0D24F0B91000045C97 /* ClickerGit.app */ = {isa = PBXFileReference; explicitFileType = wrapper.application; includeInIndex = 0; path = ClickerGit.app; sourceTree = BUILT_PRODUCTS_DIR; };
		8A9F2A1024F0B91000045C97 /* AppDelegate.swift */ = {isa = PBXFileReference; lastKnownFileType = sourcecode.swift; path = AppDelegate.swift; sourceTree = "<group>"; };
		8A9F2A1224F0B91000045C97 /* SceneDelegate.swift */ = {isa = PBXFileReference; lastKnownFileType = sourcecode.swift; path = SceneDelegate.swift; sourceTree = "<group>"; };
		8A9F2A1424F0B91000045C97 /* ViewController.swift */ = {isa = PBXFileReference; lastKnownFileType = sourcecode.swift; path = ViewController.swift; sourceTree = "<group>"; };
		8A9F2A1724F0B91000045C97 /* Base */ = {isa = PBXFileReference; lastKnownFileType = file.storyboard; name = Base; path = Base.lproj/Main.storyboard; sourceTree = "<group>"; };
		8A9F2A1924F0B91700045C97 /* Assets.xcassets */ = {isa = PBXFileReference; lastKnownFileType = folder.assetcatalog; path = Assets.xcassets; sourceTree = "<group>"; };
		8A9F2A1C24F0B91700045C97 /* Base */ = {isa = PBXFileReference; lastKnownFileType = file.storyboard; name = Base; path = Base.lproj/LaunchScreen.storyboard; sourceTree = "<group>"; };
		8A9F2A1E24F0B91700045C97 /* Info.plist */ = {isa = PBXFileReference; lastKnownFileType = text.plist.xml; path = Info.plist; sourceTree = "<group>"; };
/* End PBXFileReference section */

/* Begin PBXFrameworksBuildPhase section */
		8A9F2A0A24F0B90F00045C97 /* Frameworks */ = {
			isa = PBXFrameworksBuildPhase;
			buildActionMask = 2147483647;
			files = (
			);
			runOnlyForDeploymentPostprocessing = 0;
		};
/* End PBXFrameworksBuildPhase section */

/* Begin PBXGroup section */
		8A9F2A0424F0B90F00045C97 = {
			isa = PBXGroup;
			children = (
				498B567D24F0C3FB00458BE8 /* TableViewController.swift */,
				8A9F2A0F24F0B91000045C97 /* ClickerGit */,
				8A9F2A0E24F0B91000045C97 /* Products */,
			);
			sourceTree = "<group>";
		};
		8A9F2A0E24F0B91000045C97 /* Products */ = {
			isa = PBXGroup;
			children = (
				8A9F2A0D24F0B91000045C97 /* ClickerGit.app */,
			);
			name = Products;
			sourceTree = "<group>";
		};
		8A9F2A0F24F0B91000045C97 /* ClickerGit */ = {
			isa = PBXGroup;
			children = (
				8A9F2A1024F0B91000045C97 /* AppDelegate.swift */,
				8A9F2A1224F0B91000045C97 /* SceneDelegate.swift */,
				8A9F2A1424F0B91000045C97 /* ViewController.swift */,
				8A9F2A1624F0B91000045C97 /* Main.storyboard */,
				8A9F2A1924F0B91700045C97 /* Assets.xcassets */,
				8A9F2A1B24F0B91700045C97 /* LaunchScreen.storyboard */,
				8A9F2A1E24F0B91700045C97 /* Info.plist */,
			);
			path = ClickerGit;
			sourceTree = "<group>";
		};
/* End PBXGroup section */

/* Begin PBXNativeTarget section */
		8A9F2A0C24F0B90F00045C97 /* ClickerGit */ = {
			isa = PBXNativeTarget;
			buildConfigurationList = 8A9F2A2124F0B91700045C97 /* Build configuration list for PBXNativeTarget "ClickerGit" */;
			buildPhases = (
				8A9F2A0924F0B90F00045C97 /* Sources */,
				8A9F2A0A24F0B90F00045C97 /* Frameworks */,
				8A9F2A0B24F0B90F00045C97 /* Resources */,
			);
			buildRules = (
			);
			dependencies = (
			);
			name = ClickerGit;
			productName = ClickerGit;
			productReference = 8A9F2A0D24F0B91000045C97 /* ClickerGit.app */;
			productType = "com.apple.product-type.application";
		};
/* End PBXNativeTarget section */

/* Begin PBXProject section */
		8A9F2A0524F0B90F00045C97 /* Project object */ = {
			isa = PBXProject;
			attributes = {
				LastSwiftUpdateCheck = 1160;
				LastUpgradeCheck = 1160;
				ORGANIZATIONNAME = "Joshua Lim";
				TargetAttributes = {
					8A9F2A0C24F0B90F00045C97 = {
						CreatedOnToolsVersion = 11.6;
					};
				};
			};
			buildConfigurationList = 8A9F2A0824F0B90F00045C97 /* Build configuration list for PBXProject "ClickerGit" */;
			compatibilityVersion = "Xcode 9.3";
			developmentRegion = en;
			hasScannedForEncodings = 0;
			knownRegions = (
				en,
				Base,
			);
			mainGroup = 8A9F2A0424F0B90F00045C97;
			productRefGroup = 8A9F2A0E24F0B91000045C97 /* Products */;
			projectDirPath = "";
			projectRoot = "";
			targets = (
				8A9F2A0C24F0B90F00045C97 /* ClickerGit */,
			);
		};
/* End PBXProject section */

/* Begin PBXResourcesBuildPhase section */
		8A9F2A0B24F0B90F00045C97 /* Resources */ = {
			isa = PBXResourcesBuildPhase;
			buildActionMask = 2147483647;
			files = (
				8A9F2A1D24F0B91700045C97 /* LaunchScreen.storyboard in Resources */,
				8A9F2A1A24F0B91700045C97 /* Assets.xcassets in Resources */,
				8A9F2A1824F0B91000045C97 /* Main.storyboard in Resources */,
			);
			runOnlyForDeploymentPostprocessing = 0;
		};
/* End PBXResourcesBuildPhase section */

/* Begin PBXSourcesBuildPhase section */
		8A9F2A0924F0B90F00045C97 /* Sources */ = {
			isa = PBXSourcesBuildPhase;
			buildActionMask = 2147483647;
			files = (
				8A9F2A1524F0B91000045C97 /* ViewController.swift in Sources */,
				8A9F2A1124F0B91000045C97 /* AppDelegate.swift in Sources */,
				8A9F2A1324F0B91000045C97 /* SceneDelegate.swift in Sources */,
				498B567E24F0C3FB00458BE8 /* TableViewController.swift in Sources */,
			);
			runOnlyForDeploymentPostprocessing = 0;
		};
/* End PBXSourcesBuildPhase section */

/* Begin PBXVariantGroup section */
		8A9F2A1624F0B91000045C97 /* Main.storyboard */ = {
			isa = PBXVariantGroup;
			children = (
				8A9F2A1724F0B91000045C97 /* Base */,
			);
			name = Main.storyboard;
			sourceTree = "<group>";
		};
		8A9F2A1B24F0B91700045C97 /* LaunchScreen.storyboard */ = {
			isa = PBXVariantGroup;
			children = (
				8A9F2A1C24F0B91700045C97 /* Base */,
			);
			name = LaunchScreen.storyboard;
			sourceTree = "<group>";
		};
/* End PBXVariantGroup section */

/* Begin XCBuildConfiguration section */
		8A9F2A1F24F0B91700045C97 /* Debug */ = {
			isa = XCBuildConfiguration;
			buildSettings = {
				ALWAYS_SEARCH_USER_PATHS = NO;
				CLANG_ANALYZER_NONNULL = YES;
				CLANG_ANALYZER_NUMBER_OBJECT_CONVERSION = YES_AGGRESSIVE;
				CLANG_CXX_LANGUAGE_STANDARD = "gnu++14";
				CLANG_CXX_LIBRARY = "libc++";
				CLANG_ENABLE_MODULES = YES;
				CLANG_ENABLE_OBJC_ARC = YES;
				CLANG_ENABLE_OBJC_WEAK = YES;
				CLANG_WARN_BLOCK_CAPTURE_AUTORELEASING = YES;
				CLANG_WARN_BOOL_CONVERSION = YES;
				CLANG_WARN_COMMA = YES;
				CLANG_WARN_CONSTANT_CONVERSION = YES;
				CLANG_WARN_DEPRECATED_OBJC_IMPLEMENTATIONS = YES;
				CLANG_WARN_DIRECT_OBJC_ISA_USAGE = YES_ERROR;
				CLANG_WARN_DOCUMENTATION_COMMENTS = YES;
				CLANG_WARN_EMPTY_BODY = YES;
				CLANG_WARN_ENUM_CONVERSION = YES;
				CLANG_WARN_INFINITE_RECURSION = YES;
				CLANG_WARN_INT_CONVERSION = YES;
				CLANG_WARN_NON_LITERAL_NULL_CONVERSION = YES;
				CLANG_WARN_OBJC_IMPLICIT_RETAIN_SELF = YES;
				CLANG_WARN_OBJC_LITERAL_CONVERSION = YES;
				CLANG_WARN_OBJC_ROOT_CLASS = YES_ERROR;
				CLANG_WARN_RANGE_LOOP_ANALYSIS = YES;
				CLANG_WARN_STRICT_PROTOTYPES = YES;
				CLANG_WARN_SUSPICIOUS_MOVE = YES;
				CLANG_WARN_UNGUARDED_AVAILABILITY = YES_AGGRESSIVE;
				CLANG_WARN_UNREACHABLE_CODE = YES;
				CLANG_WARN__DUPLICATE_METHOD_MATCH = YES;
				COPY_PHASE_STRIP = NO;
				DEBUG_INFORMATION_FORMAT = dwarf;
				ENABLE_STRICT_OBJC_MSGSEND = YES;
				ENABLE_TESTABILITY = YES;
				GCC_C_LANGUAGE_STANDARD = gnu11;
				GCC_DYNAMIC_NO_PIC = NO;
				GCC_NO_COMMON_BLOCKS = YES;
				GCC_OPTIMIZATION_LEVEL = 0;
				GCC_PREPROCESSOR_DEFINITIONS = (
					"DEBUG=1",
					"$(inherited)",
				);
				GCC_WARN_64_TO_32_BIT_CONVERSION = YES;
				GCC_WARN_ABOUT_RETURN_TYPE = YES_ERROR;
				GCC_WARN_UNDECLARED_SELECTOR = YES;
				GCC_WARN_UNINITIALIZED_AUTOS = YES_AGGRESSIVE;
				GCC_WARN_UNUSED_FUNCTION = YES;
				GCC_WARN_UNUSED_VARIABLE = YES;
				IPHONEOS_DEPLOYMENT_TARGET = 13.6;
				MTL_ENABLE_DEBUG_INFO = INCLUDE_SOURCE;
				MTL_FAST_MATH = YES;
				ONLY_ACTIVE_ARCH = YES;
				SDKROOT = iphoneos;
				SWIFT_ACTIVE_COMPILATION_CONDITIONS = DEBUG;
				SWIFT_OPTIMIZATION_LEVEL = "-Onone";
			};
			name = Debug;
		};
		8A9F2A2024F0B91700045C97 /* Release */ = {
			isa = XCBuildConfiguration;
			buildSettings = {
				ALWAYS_SEARCH_USER_PATHS = NO;
				CLANG_ANALYZER_NONNULL = YES;
				CLANG_ANALYZER_NUMBER_OBJECT_CONVERSION = YES_AGGRESSIVE;
				CLANG_CXX_LANGUAGE_STANDARD = "gnu++14";
				CLANG_CXX_LIBRARY = "libc++";
				CLANG_ENABLE_MODULES = YES;
				CLANG_ENABLE_OBJC_ARC = YES;
				CLANG_ENABLE_OBJC_WEAK = YES;
				CLANG_WARN_BLOCK_CAPTURE_AUTORELEASING = YES;
				CLANG_WARN_BOOL_CONVERSION = YES;
				CLANG_WARN_COMMA = YES;
				CLANG_WARN_CONSTANT_CONVERSION = YES;
				CLANG_WARN_DEPRECATED_OBJC_IMPLEMENTATIONS = YES;
				CLANG_WARN_DIRECT_OBJC_ISA_USAGE = YES_ERROR;
				CLANG_WARN_DOCUMENTATION_COMMENTS = YES;
				CLANG_WARN_EMPTY_BODY = YES;
				CLANG_WARN_ENUM_CONVERSION = YES;
				CLANG_WARN_INFINITE_RECURSION = YES;
				CLANG_WARN_INT_CONVERSION = YES;
				CLANG_WARN_NON_LITERAL_NULL_CONVERSION = YES;
				CLANG_WARN_OBJC_IMPLICIT_RETAIN_SELF = YES;
				CLANG_WARN_OBJC_LITERAL_CONVERSION = YES;
				CLANG_WARN_OBJC_ROOT_CLASS = YES_ERROR;
				CLANG_WARN_RANGE_LOOP_ANALYSIS = YES;
				CLANG_WARN_STRICT_PROTOTYPES = YES;
				CLANG_WARN_SUSPICIOUS_MOVE = YES;
				CLANG_WARN_UNGUARDED_AVAILABILITY = YES_AGGRESSIVE;
				CLANG_WARN_UNREACHABLE_CODE = YES;
				CLANG_WARN__DUPLICATE_METHOD_MATCH = YES;
				COPY_PHASE_STRIP = NO;
				DEBUG_INFORMATION_FORMAT = "dwarf-with-dsym";
				ENABLE_NS_ASSERTIONS = NO;
				ENABLE_STRICT_OBJC_MSGSEND = YES;
				GCC_C_LANGUAGE_STANDARD = gnu11;
				GCC_NO_COMMON_BLOCKS = YES;
				GCC_WARN_64_TO_32_BIT_CONVERSION = YES;
				GCC_WARN_ABOUT_RETURN_TYPE = YES_ERROR;
				GCC_WARN_UNDECLARED_SELECTOR = YES;
				GCC_WARN_UNINITIALIZED_AUTOS = YES_AGGRESSIVE;
				GCC_WARN_UNUSED_FUNCTION = YES;
				GCC_WARN_UNUSED_VARIABLE = YES;
				IPHONEOS_DEPLOYMENT_TARGET = 13.6;
				MTL_ENABLE_DEBUG_INFO = NO;
				MTL_FAST_MATH = YES;
				SDKROOT = iphoneos;
				SWIFT_COMPILATION_MODE = wholemodule;
				SWIFT_OPTIMIZATION_LEVEL = "-O";
				VALIDATE_PRODUCT = YES;
			};
			name = Release;
		};
		8A9F2A2224F0B91700045C97 /* Debug */ = {
			isa = XCBuildConfiguration;
			buildSettings = {
				ASSETCATALOG_COMPILER_APPICON_NAME = AppIcon;
				CODE_SIGN_STYLE = Automatic;
				INFOPLIST_FILE = ClickerGit/Info.plist;
				LD_RUNPATH_SEARCH_PATHS = (
					"$(inherited)",
					"@executable_path/Frameworks",
				);
				PRODUCT_BUNDLE_IDENTIFIER = com.joshualim.ClickerGit;
				PRODUCT_NAME = "$(TARGET_NAME)";
				SWIFT_VERSION = 5.0;
				TARGETED_DEVICE_FAMILY = "1,2";
			};
			name = Debug;
		};
		8A9F2A2324F0B91700045C97 /* Release */ = {
			isa = XCBuildConfiguration;
			buildSettings = {
				ASSETCATALOG_COMPILER_APPICON_NAME = AppIcon;
				CODE_SIGN_STYLE = Automatic;
				INFOPLIST_FILE = ClickerGit/Info.plist;
				LD_RUNPATH_SEARCH_PATHS = (
					"$(inherited)",
					"@executable_path/Frameworks",
				);
				PRODUCT_BUNDLE_IDENTIFIER = com.joshualim.ClickerGit;
				PRODUCT_NAME = "$(TARGET_NAME)";
				SWIFT_VERSION = 5.0;
				TARGETED_DEVICE_FAMILY = "1,2";
			};
			name = Release;
		};
/* End XCBuildConfiguration section */

/* Begin XCConfigurationList section */
		8A9F2A0824F0B90F00045C97 /* Build configuration list for PBXProject "ClickerGit" */ = {
			isa = XCConfigurationList;
			buildConfigurations = (
				8A9F2A1F24F0B91700045C97 /* Debug */,
				8A9F2A2024F0B91700045C97 /* Release */,
			);
			defaultConfigurationIsVisible = 0;
			defaultConfigurationName = Release;
		};
		8A9F2A2124F0B91700045C97 /* Build configuration list for PBXNativeTarget "ClickerGit" */ = {
			isa = XCConfigurationList;
			buildConfigurations = (
				8A9F2A2224F0B91700045C97 /* Debug */,
				8A9F2A2324F0B91700045C97 /* Release */,
			);
			defaultConfigurationIsVisible = 0;
			defaultConfigurationName = Release;
		};
/* End XCConfigurationList section */
	};
	rootObject = 8A9F2A0524F0B90F00045C97 /* Project object */;
}
